# THIS IS AN AUTOGENERATED FILE. DO NOT EDIT THIS FILE DIRECTLY.
# yarn lockfile v1


"@types/node@^14.14.33":
  version "14.14.33"
  resolved "https://registry.npm.taobao.org/@types/node/download/@types/node-14.14.33.tgz?cache=0&sync_timestamp=1615307117627&other_urls=https%3A%2F%2Fregistry.npm.taobao.org%2F%40types%2Fnode%2Fdownload%2F%40types%2Fnode-14.14.33.tgz#9e4f8c64345522e4e8ce77b334a8aaa64e2b6c78"
  integrity sha1-nk+MZDRVIuToznezNKiqpk4rbHg=

typescript@^4.2.3:
  version "4.2.3"
  resolved "https://registry.npm.taobao.org/typescript/download/typescript-4.2.3.tgz#39062d8019912d43726298f09493d598048c1ce3"
  integrity sha1-OQYtgBmRLUNyYpjwlJPVmASMHOM=
